
Microsoft Visual Studio Solution File, Format Version 12.00
# Visual Studio Version 17
VisualStudioVersion = 17.4.33122.133
MinimumVisualStudioVersion = 10.0.40219.1
Project("{9A19103F-16F7-4668-BE54-9A1E7A4F7556}") = "IFStore.Domain", "IFStore.Domain\IFStore.Domain.csproj", "{685ACCB4-1D43-4106-8BA1-F17F5AE8E725}"
EndProject
Project("{9A19103F-16F7-4668-BE54-9A1E7A4F7556}") = "IFSPStore.Test", "IFSPStore.Test\IFSPStore.Test.csproj", "{EA3E1511-8661-4E1D-AEB7-2A1F87EE2311}"
EndProject
Project("{2150E333-8FDC-42A3-9474-1A3956D46DE8}") = "IFSPStore.DDD", "IFSPStore.DDD", "{AFE2D9ED-ED5C-4107-B6B6-9A6195F567A1}"
EndProject
Global
	GlobalSection(SolutionConfigurationPlatforms) = preSolution
		Debug|Any CPU = Debug|Any CPU
		Release|Any CPU = Release|Any CPU
	EndGlobalSection
	GlobalSection(ProjectConfigurationPlatforms) = postSolution
		{685ACCB4-1D43-4106-8BA1-F17F5AE8E725}.Debug|Any CPU.ActiveCfg = Debug|Any CPU
		{685ACCB4-1D43-4106-8BA1-F17F5AE8E725}.Debug|Any CPU.Build.0 = Debug|Any CPU
		{685ACCB4-1D43-4106-8BA1-F17F5AE8E725}.Release|Any CPU.ActiveCfg = Release|Any CPU
		{685ACCB4-1D43-4106-8BA1-F17F5AE8E725}.Release|Any CPU.Build.0 = Release|Any CPU
		{EA3E1511-8661-4E1D-AEB7-2A1F87EE2311}.Debug|Any CPU.ActiveCfg = Debug|Any CPU
		{EA3E1511-8661-4E1D-AEB7-2A1F87EE2311}.Debug|Any CPU.Build.0 = Debug|Any CPU
		{EA3E1511-8661-4E1D-AEB7-2A1F87EE2311}.Release|Any CPU.ActiveCfg = Release|Any CPU
		{EA3E1511-8661-4E1D-AEB7-2A1F87EE2311}.Release|Any CPU.Build.0 = Release|Any CPU
	EndGlobalSection
	GlobalSection(SolutionProperties) = preSolution
		HideSolutionNode = FALSE
	EndGlobalSection
	GlobalSection(NestedProjects) = preSolution
		{685ACCB4-1D43-4106-8BA1-F17F5AE8E725} = {AFE2D9ED-ED5C-4107-B6B6-9A6195F567A1}
	EndGlobalSection
	GlobalSection(ExtensibilityGlobals) = postSolution
		SolutionGuid = {5C336F85-A86A-4C82-A60B-AE1696C33714}
	EndGlobalSection
EndGlobal
